
Microsoft Visual Studio Solution File, Format Version 12.00
# Visual Studio Version 17
VisualStudioVersion = 17.9.34622.214
MinimumVisualStudioVersion = 10.0.40219.1
Project("{FAE04EC0-301F-11D3-BF4B-00C04F79EFBC}") = "mf-devbackend-2024", "mf-devbackend-2024.csproj", "{626D4F06-7F52-4B33-94F8-A183B79EB942}"
EndProject
Global
	GlobalSection(SolutionConfigurationPlatforms) = preSolution
		Debug|Any CPU = Debug|Any CPU
		Release|Any CPU = Release|Any CPU
	EndGlobalSection
	GlobalSection(ProjectConfigurationPlatforms) = postSolution
		{626D4F06-7F52-4B33-94F8-A183B79EB942}.Debug|Any CPU.ActiveCfg = Debug|Any CPU
		{626D4F06-7F52-4B33-94F8-A183B79EB942}.Debug|Any CPU.Build.0 = Debug|Any CPU
		{626D4F06-7F52-4B33-94F8-A183B79EB942}.Release|Any CPU.ActiveCfg = Release|Any CPU
		{626D4F06-7F52-4B33-94F8-A183B79EB942}.Release|Any CPU.Build.0 = Release|Any CPU
	EndGlobalSection
	GlobalSection(SolutionProperties) = preSolution
		HideSolutionNode = FALSE
	EndGlobalSection
	GlobalSection(ExtensibilityGlobals) = postSolution
		SolutionGuid = {FD8204DF-FF41-4E1E-88F4-DDA56D210545}
	EndGlobalSection
EndGlobal
